
Microsoft Visual Studio Solution File, Format Version 12.00
# Visual Studio Version 17
VisualStudioVersion = 17.7.34031.279
MinimumVisualStudioVersion = 10.0.40219.1
Project("{FAE04EC0-301F-11D3-BF4B-00C04F79EFBC}") = "WorkShopApp", "WorkShopApp\WorkShopApp.csproj", "{D184E362-2B4E-4906-B17D-C59AF1E419B2}"
EndProject
Global
	GlobalSection(SolutionConfigurationPlatforms) = preSolution
		Debug|Any CPU = Debug|Any CPU
		Release|Any CPU = Release|Any CPU
	EndGlobalSection
	GlobalSection(ProjectConfigurationPlatforms) = postSolution
		{D184E362-2B4E-4906-B17D-C59AF1E419B2}.Debug|Any CPU.ActiveCfg = Debug|Any CPU
		{D184E362-2B4E-4906-B17D-C59AF1E419B2}.Debug|Any CPU.Build.0 = Debug|Any CPU
		{D184E362-2B4E-4906-B17D-C59AF1E419B2}.Release|Any CPU.ActiveCfg = Release|Any CPU
		{D184E362-2B4E-4906-B17D-C59AF1E419B2}.Release|Any CPU.Build.0 = Release|Any CPU
	EndGlobalSection
	GlobalSection(SolutionProperties) = preSolution
		HideSolutionNode = FALSE
	EndGlobalSection
	GlobalSection(ExtensibilityGlobals) = postSolution
		SolutionGuid = {7D55771F-D2D3-47A5-92A8-6655AFA76408}
	EndGlobalSection
EndGlobal
